// !$*UTF8*$!
{
	archiveVersion = 1;
	classes = {
	};
	objectVersion = 77;
	objects = {

/* Begin PBXContainerItemProxy section */
		F421FBC72D69039D00055E6F /* PBXContainerItemProxy */ = {
			isa = PBXContainerItemProxy;
			containerPortal = F421FBAE2D69039900055E6F /* Project object */;
			proxyType = 1;
			remoteGlobalIDString = F421FBB52D69039900055E6F;
			remoteInfo = Group11_Project_UI_Design;
		};
		F421FBD12D69039D00055E6F /* PBXContainerItemProxy */ = {
			isa = PBXContainerItemProxy;
			containerPortal = F421FBAE2D69039900055E6F /* Project object */;
			proxyType = 1;
			remoteGlobalIDString = F421FBB52D69039900055E6F;
			remoteInfo = Group11_Project_UI_Design;
		};
/* End PBXContainerItemProxy section */

/* Begin PBXFileReference section */
		F421FBB62D69039900055E6F /* Group11_Project_UI_Design.app */ = {isa = PBXFileReference; explicitFileType = wrapper.application; includeInIndex = 0; path = Group11_Project_UI_Design.app; sourceTree = BUILT_PRODUCTS_DIR; };
		F421FBC62D69039D00055E6F /* Group11_Project_UI_DesignTests.xctest */ = {isa = PBXFileReference; explicitFileType = wrapper.cfbundle; includeInIndex = 0; path = Group11_Project_UI_DesignTests.xctest; sourceTree = BUILT_PRODUCTS_DIR; };
		F421FBD02D69039D00055E6F /* Group11_Project_UI_DesignUITests.xctest */ = {isa = PBXFileReference; explicitFileType = wrapper.cfbundle; includeInIndex = 0; path = Group11_Project_UI_DesignUITests.xctest; sourceTree = BUILT_PRODUCTS_DIR; };
/* End PBXFileReference section */

/* Begin PBXFileSystemSynchronizedRootGroup section */
		F421FBB82D69039900055E6F /* Group11_Project_UI_Design */ = {
			isa = PBXFileSystemSynchronizedRootGroup;
			path = Group11_Project_UI_Design;
			sourceTree = "<group>";
		};
		F421FBC92D69039D00055E6F /* Group11_Project_UI_DesignTests */ = {
			isa = PBXFileSystemSynchronizedRootGroup;
			path = Group11_Project_UI_DesignTests;
			sourceTree = "<group>";
		};
		F421FBD32D69039D00055E6F /* Group11_Project_UI_DesignUITests */ = {
			isa = PBXFileSystemSynchronizedRootGroup;
			path = Group11_Project_UI_DesignUITests;
			sourceTree = "<group>";
		};
/* End PBXFileSystemSynchronizedRootGroup section */

/* Begin PBXFrameworksBuildPhase section */
		F421FBB32D69039900055E6F /* Frameworks */ = {
			isa = PBXFrameworksBuildPhase;
			buildActionMask = 2147483647;
			files = (
			);
			runOnlyForDeploymentPostprocessing = 0;
		};
		F421FBC32D69039D00055E6F /* Frameworks */ = {
			isa = PBXFrameworksBuildPhase;
			buildActionMask = 2147483647;
			files = (
			);
			runOnlyForDeploymentPostprocessing = 0;
		};
		F421FBCD2D69039D00055E6F /* Frameworks */ = {
			isa = PBXFrameworksBuildPhase;
			buildActionMask = 2147483647;
			files = (
			);
			runOnlyForDeploymentPostprocessing = 0;
		};
/* End PBXFrameworksBuildPhase section */

/* Begin PBXGroup section */
		F421FBAD2D69039900055E6F = {
			isa = PBXGroup;
			children = (
				F421FBB82D69039900055E6F /* Group11_Project_UI_Design */,
				F421FBC92D69039D00055E6F /* Group11_Project_UI_DesignTests */,
				F421FBD32D69039D00055E6F /* Group11_Project_UI_DesignUITests */,
				F421FBB72D69039900055E6F /* Products */,
			);
			sourceTree = "<group>";
		};
		F421FBB72D69039900055E6F /* Products */ = {
			isa = PBXGroup;
			children = (
				F421FBB62D69039900055E6F /* Group11_Project_UI_Design.app */,
				F421FBC62D69039D00055E6F /* Group11_Project_UI_DesignTests.xctest */,
				F421FBD02D69039D00055E6F /* Group11_Project_UI_DesignUITests.xctest */,
			);
			name = Products;
			sourceTree = "<group>";
		};
/* End PBXGroup section */

/* Begin PBXNativeTarget section */
		F421FBB52D69039900055E6F /* Group11_Project_UI_Design */ = {
			isa = PBXNativeTarget;
			buildConfigurationList = F421FBDA2D69039D00055E6F /* Build configuration list for PBXNativeTarget "Group11_Project_UI_Design" */;
			buildPhases = (
				F421FBB22D69039900055E6F /* Sources */,
				F421FBB32D69039900055E6F /* Frameworks */,
				F421FBB42D69039900055E6F /* Resources */,
			);
			buildRules = (
			);
			dependencies = (
			);
			fileSystemSynchronizedGroups = (
				F421FBB82D69039900055E6F /* Group11_Project_UI_Design */,
			);
			name = Group11_Project_UI_Design;
			packageProductDependencies = (
			);
			productName = Group11_Project_UI_Design;
			productReference = F421FBB62D69039900055E6F /* Group11_Project_UI_Design.app */;
			productType = "com.apple.product-type.application";
		};
		F421FBC52D69039D00055E6F /* Group11_Project_UI_DesignTests */ = {
			isa = PBXNativeTarget;
			buildConfigurationList = F421FBDD2D69039D00055E6F /* Build configuration list for PBXNativeTarget "Group11_Project_UI_DesignTests" */;
			buildPhases = (
				F421FBC22D69039D00055E6F /* Sources */,
				F421FBC32D69039D00055E6F /* Frameworks */,
				F421FBC42D69039D00055E6F /* Resources */,
			);
			buildRules = (
			);
			dependencies = (
				F421FBC82D69039D00055E6F /* PBXTargetDependency */,
			);
			fileSystemSynchronizedGroups = (
				F421FBC92D69039D00055E6F /* Group11_Project_UI_DesignTests */,
			);
			name = Group11_Project_UI_DesignTests;
			packageProductDependencies = (
			);
			productName = Group11_Project_UI_DesignTests;
			productReference = F421FBC62D69039D00055E6F /* Group11_Project_UI_DesignTests.xctest */;
			productType = "com.apple.product-type.bundle.unit-test";
		};
		F421FBCF2D69039D00055E6F /* Group11_Project_UI_DesignUITests */ = {
			isa = PBXNativeTarget;
			buildConfigurationList = F421FBE02D69039D00055E6F /* Build configuration list for PBXNativeTarget "Group11_Project_UI_DesignUITests" */;
			buildPhases = (
				F421FBCC2D69039D00055E6F /* Sources */,
				F421FBCD2D69039D00055E6F /* Frameworks */,
				F421FBCE2D69039D00055E6F /* Resources */,
			);
			buildRules = (
			);
			dependencies = (
				F421FBD22D69039D00055E6F /* PBXTargetDependency */,
			);
			fileSystemSynchronizedGroups = (
				F421FBD32D69039D00055E6F /* Group11_Project_UI_DesignUITests */,
			);
			name = Group11_Project_UI_DesignUITests;
			packageProductDependencies = (
			);
			productName = Group11_Project_UI_DesignUITests;
			productReference = F421FBD02D69039D00055E6F /* Group11_Project_UI_DesignUITests.xctest */;
			productType = "com.apple.product-type.bundle.ui-testing";
		};
/* End PBXNativeTarget section */

/* Begin PBXProject section */
		F421FBAE2D69039900055E6F /* Project object */ = {
			isa = PBXProject;
			attributes = {
				BuildIndependentTargetsInParallel = 1;
				LastSwiftUpdateCheck = 1620;
				LastUpgradeCheck = 1620;
				TargetAttributes = {
					F421FBB52D69039900055E6F = {
						CreatedOnToolsVersion = 16.2;
					};
					F421FBC52D69039D00055E6F = {
						CreatedOnToolsVersion = 16.2;
						TestTargetID = F421FBB52D69039900055E6F;
					};
					F421FBCF2D69039D00055E6F = {
						CreatedOnToolsVersion = 16.2;
						TestTargetID = F421FBB52D69039900055E6F;
					};
				};
			};
			buildConfigurationList = F421FBB12D69039900055E6F /* Build configuration list for PBXProject "Group11_Project_UI_Design" */;
			developmentRegion = en;
			hasScannedForEncodings = 0;
			knownRegions = (
				en,
				Base,
			);
			mainGroup = F421FBAD2D69039900055E6F;
			minimizedProjectReferenceProxies = 1;
			preferredProjectObjectVersion = 77;
			productRefGroup = F421FBB72D69039900055E6F /* Products */;
			projectDirPath = "";
			projectRoot = "";
			targets = (
				F421FBB52D69039900055E6F /* Group11_Project_UI_Design */,
				F421FBC52D69039D00055E6F /* Group11_Project_UI_DesignTests */,
				F421FBCF2D69039D00055E6F /* Group11_Project_UI_DesignUITests */,
			);
		};
/* End PBXProject section */

/* Begin PBXResourcesBuildPhase section */
		F421FBB42D69039900055E6F /* Resources */ = {
			isa = PBXResourcesBuildPhase;
			buildActionMask = 2147483647;
			files = (
			);
			runOnlyForDeploymentPostprocessing = 0;
		};
		F421FBC42D69039D00055E6F /* Resources */ = {
			isa = PBXResourcesBuildPhase;
			buildActionMask = 2147483647;
			files = (
			);
			runOnlyForDeploymentPostprocessing = 0;
		};
		F421FBCE2D69039D00055E6F /* Resources */ = {
			isa = PBXResourcesBuildPhase;
			buildActionMask = 2147483647;
			files = (
			);
			runOnlyForDeploymentPostprocessing = 0;
		};
/* End PBXResourcesBuildPhase section */

/* Begin PBXSourcesBuildPhase section */
		F421FBB22D69039900055E6F /* Sources */ = {
			isa = PBXSourcesBuildPhase;
			buildActionMask = 2147483647;
			files = (
			);
			runOnlyForDeploymentPostprocessing = 0;
		};
		F421FBC22D69039D00055E6F /* Sources */ = {
			isa = PBXSourcesBuildPhase;
			buildActionMask = 2147483647;
			files = (
			);
			runOnlyForDeploymentPostprocessing = 0;
		};
		F421FBCC2D69039D00055E6F /* Sources */ = {
			isa = PBXSourcesBuildPhase;
			buildActionMask = 2147483647;
			files = (
			);
			runOnlyForDeploymentPostprocessing = 0;
		};
/* End PBXSourcesBuildPhase section */

/* Begin PBXTargetDependency section */
		F421FBC82D69039D00055E6F /* PBXTargetDependency */ = {
			isa = PBXTargetDependency;
			target = F421FBB52D69039900055E6F /* Group11_Project_UI_Design */;
			targetProxy = F421FBC72D69039D00055E6F /* PBXContainerItemProxy */;
		};
		F421FBD22D69039D00055E6F /* PBXTargetDependency */ = {
			isa = PBXTargetDependency;
			target = F421FBB52D69039900055E6F /* Group11_Project_UI_Design */;
			targetProxy = F421FBD12D69039D00055E6F /* PBXContainerItemProxy */;
		};
/* End PBXTargetDependency section */

/* Begin XCBuildConfiguration section */
		F421FBD82D69039D00055E6F /* Debug */ = {
			isa = XCBuildConfiguration;
			buildSettings = {
				ALWAYS_SEARCH_USER_PATHS = NO;
				ASSETCATALOG_COMPILER_GENERATE_SWIFT_ASSET_SYMBOL_EXTENSIONS = YES;
				CLANG_ANALYZER_NONNULL = YES;
				CLANG_ANALYZER_NUMBER_OBJECT_CONVERSION = YES_AGGRESSIVE;
				CLANG_CXX_LANGUAGE_STANDARD = "gnu++20";
				CLANG_ENABLE_MODULES = YES;
				CLANG_ENABLE_OBJC_ARC = YES;
				CLANG_ENABLE_OBJC_WEAK = YES;
				CLANG_WARN_BLOCK_CAPTURE_AUTORELEASING = YES;
				CLANG_WARN_BOOL_CONVERSION = YES;
				CLANG_WARN_COMMA = YES;
				CLANG_WARN_CONSTANT_CONVERSION = YES;
				CLANG_WARN_DEPRECATED_OBJC_IMPLEMENTATIONS = YES;
				CLANG_WARN_DIRECT_OBJC_ISA_USAGE = YES_ERROR;
				CLANG_WARN_DOCUMENTATION_COMMENTS = YES;
				CLANG_WARN_EMPTY_BODY = YES;
				CLANG_WARN_ENUM_CONVERSION = YES;
				CLANG_WARN_INFINITE_RECURSION = YES;
				CLANG_WARN_INT_CONVERSION = YES;
				CLANG_WARN_NON_LITERAL_NULL_CONVERSION = YES;
				CLANG_WARN_OBJC_IMPLICIT_RETAIN_SELF = YES;
				CLANG_WARN_OBJC_LITERAL_CONVERSION = YES;
				CLANG_WARN_OBJC_ROOT_CLASS = YES_ERROR;
				CLANG_WARN_QUOTED_INCLUDE_IN_FRAMEWORK_HEADER = YES;
				CLANG_WARN_RANGE_LOOP_ANALYSIS = YES;
				CLANG_WARN_STRICT_PROTOTYPES = YES;
				CLANG_WARN_SUSPICIOUS_MOVE = YES;
				CLANG_WARN_UNGUARDED_AVAILABILITY = YES_AGGRESSIVE;
				CLANG_WARN_UNREACHABLE_CODE = YES;
				CLANG_WARN__DUPLICATE_METHOD_MATCH = YES;
				COPY_PHASE_STRIP = NO;
				DEBUG_INFORMATION_FORMAT = dwarf;
				ENABLE_STRICT_OBJC_MSGSEND = YES;
				ENABLE_TESTABILITY = YES;
				ENABLE_USER_SCRIPT_SANDBOXING = YES;
				GCC_C_LANGUAGE_STANDARD = gnu17;
				GCC_DYNAMIC_NO_PIC = NO;
				GCC_NO_COMMON_BLOCKS = YES;
				GCC_OPTIMIZATION_LEVEL = 0;
				GCC_PREPROCESSOR_DEFINITIONS = (
					"DEBUG=1",
					"$(inherited)",
				);
				GCC_WARN_64_TO_32_BIT_CONVERSION = YES;
				GCC_WARN_ABOUT_RETURN_TYPE = YES_ERROR;
				GCC_WARN_UNDECLARED_SELECTOR = YES;
				GCC_WARN_UNINITIALIZED_AUTOS = YES_AGGRESSIVE;
				GCC_WARN_UNUSED_FUNCTION = YES;
				GCC_WARN_UNUSED_VARIABLE = YES;
				IPHONEOS_DEPLOYMENT_TARGET = 18.2;
				LOCALIZATION_PREFERS_STRING_CATALOGS = YES;
				MTL_ENABLE_DEBUG_INFO = INCLUDE_SOURCE;
				MTL_FAST_MATH = YES;
				ONLY_ACTIVE_ARCH = YES;
				SDKROOT = iphoneos;
				SWIFT_ACTIVE_COMPILATION_CONDITIONS = "DEBUG $(inherited)";
				SWIFT_OPTIMIZATION_LEVEL = "-Onone";
			};
			name = Debug;
		};
		F421FBD92D69039D00055E6F /* Release */ = {
			isa = XCBuildConfiguration;
			buildSettings = {
				ALWAYS_SEARCH_USER_PATHS = NO;
				ASSETCATALOG_COMPILER_GENERATE_SWIFT_ASSET_SYMBOL_EXTENSIONS = YES;
				CLANG_ANALYZER_NONNULL = YES;
				CLANG_ANALYZER_NUMBER_OBJECT_CONVERSION = YES_AGGRESSIVE;
				CLANG_CXX_LANGUAGE_STANDARD = "gnu++20";
				CLANG_ENABLE_MODULES = YES;
				CLANG_ENABLE_OBJC_ARC = YES;
				CLANG_ENABLE_OBJC_WEAK = YES;
				CLANG_WARN_BLOCK_CAPTURE_AUTORELEASING = YES;
				CLANG_WARN_BOOL_CONVERSION = YES;
				CLANG_WARN_COMMA = YES;
				CLANG_WARN_CONSTANT_CONVERSION = YES;
				CLANG_WARN_DEPRECATED_OBJC_IMPLEMENTATIONS = YES;
				CLANG_WARN_DIRECT_OBJC_ISA_USAGE = YES_ERROR;
				CLANG_WARN_DOCUMENTATION_COMMENTS = YES;
				CLANG_WARN_EMPTY_BODY = YES;
				CLANG_WARN_ENUM_CONVERSION = YES;
				CLANG_WARN_INFINITE_RECURSION = YES;
				CLANG_WARN_INT_CONVERSION = YES;
				CLANG_WARN_NON_LITERAL_NULL_CONVERSION = YES;
				CLANG_WARN_OBJC_IMPLICIT_RETAIN_SELF = YES;
				CLANG_WARN_OBJC_LITERAL_CONVERSION = YES;
				CLANG_WARN_OBJC_ROOT_CLASS = YES_ERROR;
				CLANG_WARN_QUOTED_INCLUDE_IN_FRAMEWORK_HEADER = YES;
				CLANG_WARN_RANGE_LOOP_ANALYSIS = YES;
				CLANG_WARN_STRICT_PROTOTYPES = YES;
				CLANG_WARN_SUSPICIOUS_MOVE = YES;
				CLANG_WARN_UNGUARDED_AVAILABILITY = YES_AGGRESSIVE;
				CLANG_WARN_UNREACHABLE_CODE = YES;
				CLANG_WARN__DUPLICATE_METHOD_MATCH = YES;
				COPY_PHASE_STRIP = NO;
				DEBUG_INFORMATION_FORMAT = "dwarf-with-dsym";
				ENABLE_NS_ASSERTIONS = NO;
				ENABLE_STRICT_OBJC_MSGSEND = YES;
				ENABLE_USER_SCRIPT_SANDBOXING = YES;
				GCC_C_LANGUAGE_STANDARD = gnu17;
				GCC_NO_COMMON_BLOCKS = YES;
				GCC_WARN_64_TO_32_BIT_CONVERSION = YES;
				GCC_WARN_ABOUT_RETURN_TYPE = YES_ERROR;
				GCC_WARN_UNDECLARED_SELECTOR = YES;
				GCC_WARN_UNINITIALIZED_AUTOS = YES_AGGRESSIVE;
				GCC_WARN_UNUSED_FUNCTION = YES;
				GCC_WARN_UNUSED_VARIABLE = YES;
				IPHONEOS_DEPLOYMENT_TARGET = 18.2;
				LOCALIZATION_PREFERS_STRING_CATALOGS = YES;
				MTL_ENABLE_DEBUG_INFO = NO;
				MTL_FAST_MATH = YES;
				SDKROOT = iphoneos;
				SWIFT_COMPILATION_MODE = wholemodule;
				VALIDATE_PRODUCT = YES;
			};
			name = Release;
		};
		F421FBDB2D69039D00055E6F /* Debug */ = {
			isa = XCBuildConfiguration;
			buildSettings = {
				ASSETCATALOG_COMPILER_APPICON_NAME = AppIcon;
				ASSETCATALOG_COMPILER_GLOBAL_ACCENT_COLOR_NAME = AccentColor;
				CODE_SIGN_STYLE = Automatic;
				CURRENT_PROJECT_VERSION = 1;
				DEVELOPMENT_ASSET_PATHS = "\"Group11_Project_UI_Design/Preview Content\"";
				ENABLE_PREVIEWS = YES;
				GENERATE_INFOPLIST_FILE = YES;
				INFOPLIST_KEY_UIApplicationSceneManifest_Generation = YES;
				INFOPLIST_KEY_UIApplicationSupportsIndirectInputEvents = YES;
				INFOPLIST_KEY_UILaunchScreen_Generation = YES;
				INFOPLIST_KEY_UISupportedInterfaceOrientations_iPad = "UIInterfaceOrientationPortrait UIInterfaceOrientationPortraitUpsideDown UIInterfaceOrientationLandscapeLeft UIInterfaceOrientationLandscapeRight";
				INFOPLIST_KEY_UISupportedInterfaceOrientations_iPhone = "UIInterfaceOrientationPortrait UIInterfaceOrientationLandscapeLeft UIInterfaceOrientationLandscapeRight";
				LD_RUNPATH_SEARCH_PATHS = (
					"$(inherited)",
					"@executable_path/Frameworks",
				);
				MARKETING_VERSION = 1.0;
				PRODUCT_BUNDLE_IDENTIFIER = "COMP3097.Group11-Project-UI-Design";
				PRODUCT_NAME = "$(TARGET_NAME)";
				SWIFT_EMIT_LOC_STRINGS = YES;
				SWIFT_VERSION = 5.0;
				TARGETED_DEVICE_FAMILY = "1,2";
			};
			name = Debug;
		};
		F421FBDC2D69039D00055E6F /* Release */ = {
			isa = XCBuildConfiguration;
			buildSettings = {
				ASSETCATALOG_COMPILER_APPICON_NAME = AppIcon;
				ASSETCATALOG_COMPILER_GLOBAL_ACCENT_COLOR_NAME = AccentColor;
				CODE_SIGN_STYLE = Automatic;
				CURRENT_PROJECT_VERSION = 1;
				DEVELOPMENT_ASSET_PATHS = "\"Group11_Project_UI_Design/Preview Content\"";
				ENABLE_PREVIEWS = YES;
				GENERATE_INFOPLIST_FILE = YES;
				INFOPLIST_KEY_UIApplicationSceneManifest_Generation = YES;
				INFOPLIST_KEY_UIApplicationSupportsIndirectInputEvents = YES;
				INFOPLIST_KEY_UILaunchScreen_Generation = YES;
				INFOPLIST_KEY_UISupportedInterfaceOrientations_iPad = "UIInterfaceOrientationPortrait UIInterfaceOrientationPortraitUpsideDown UIInterfaceOrientationLandscapeLeft UIInterfaceOrientationLandscapeRight";
				INFOPLIST_KEY_UISupportedInterfaceOrientations_iPhone = "UIInterfaceOrientationPortrait UIInterfaceOrientationLandscapeLeft UIInterfaceOrientationLandscapeRight";
				LD_RUNPATH_SEARCH_PATHS = (
					"$(inherited)",
					"@executable_path/Frameworks",
				);
				MARKETING_VERSION = 1.0;
				PRODUCT_BUNDLE_IDENTIFIER = "COMP3097.Group11-Project-UI-Design";
				PRODUCT_NAME = "$(TARGET_NAME)";
				SWIFT_EMIT_LOC_STRINGS = YES;
				SWIFT_VERSION = 5.0;
				TARGETED_DEVICE_FAMILY = "1,2";
			};
			name = Release;
		};
		F421FBDE2D69039D00055E6F /* Debug */ = {
			isa = XCBuildConfiguration;
			buildSettings = {
				BUNDLE_LOADER = "$(TEST_HOST)";
				CODE_SIGN_STYLE = Automatic;
				CURRENT_PROJECT_VERSION = 1;
				GENERATE_INFOPLIST_FILE = YES;
				IPHONEOS_DEPLOYMENT_TARGET = 18.2;
				MARKETING_VERSION = 1.0;
				PRODUCT_BUNDLE_IDENTIFIER = "COMP3097.Group11-Project-UI-DesignTests";
				PRODUCT_NAME = "$(TARGET_NAME)";
				SWIFT_EMIT_LOC_STRINGS = NO;
				SWIFT_VERSION = 5.0;
				TARGETED_DEVICE_FAMILY = "1,2";
				TEST_HOST = "$(BUILT_PRODUCTS_DIR)/Group11_Project_UI_Design.app/$(BUNDLE_EXECUTABLE_FOLDER_PATH)/Group11_Project_UI_Design";
			};
			name = Debug;
		};
		F421FBDF2D69039D00055E6F /* Release */ = {
			isa = XCBuildConfiguration;
			buildSettings = {
				BUNDLE_LOADER = "$(TEST_HOST)";
				CODE_SIGN_STYLE = Automatic;
				CURRENT_PROJECT_VERSION = 1;
				GENERATE_INFOPLIST_FILE = YES;
				IPHONEOS_DEPLOYMENT_TARGET = 18.2;
				MARKETING_VERSION = 1.0;
				PRODUCT_BUNDLE_IDENTIFIER = "COMP3097.Group11-Project-UI-DesignTests";
				PRODUCT_NAME = "$(TARGET_NAME)";
				SWIFT_EMIT_LOC_STRINGS = NO;
				SWIFT_VERSION = 5.0;
				TARGETED_DEVICE_FAMILY = "1,2";
				TEST_HOST = "$(BUILT_PRODUCTS_DIR)/Group11_Project_UI_Design.app/$(BUNDLE_EXECUTABLE_FOLDER_PATH)/Group11_Project_UI_Design";
			};
			name = Release;
		};
		F421FBE12D69039D00055E6F /* Debug */ = {
			isa = XCBuildConfiguration;
			buildSettings = {
				CODE_SIGN_STYLE = Automatic;
				CURRENT_PROJECT_VERSION = 1;
				GENERATE_INFOPLIST_FILE = YES;
				MARKETING_VERSION = 1.0;
				PRODUCT_BUNDLE_IDENTIFIER = "COMP3097.Group11-Project-UI-DesignUITests";
				PRODUCT_NAME = "$(TARGET_NAME)";
				SWIFT_EMIT_LOC_STRINGS = NO;
				SWIFT_VERSION = 5.0;
				TARGETED_DEVICE_FAMILY = "1,2";
				TEST_TARGET_NAME = Group11_Project_UI_Design;
			};
			name = Debug;
		};
		F421FBE22D69039D00055E6F /* Release */ = {
			isa = XCBuildConfiguration;
			buildSettings = {
				CODE_SIGN_STYLE = Automatic;
				CURRENT_PROJECT_VERSION = 1;
				GENERATE_INFOPLIST_FILE = YES;
				MARKETING_VERSION = 1.0;
				PRODUCT_BUNDLE_IDENTIFIER = "COMP3097.Group11-Project-UI-DesignUITests";
				PRODUCT_NAME = "$(TARGET_NAME)";
				SWIFT_EMIT_LOC_STRINGS = NO;
				SWIFT_VERSION = 5.0;
				TARGETED_DEVICE_FAMILY = "1,2";
				TEST_TARGET_NAME = Group11_Project_UI_Design;
			};
			name = Release;
		};
/* End XCBuildConfiguration section */

/* Begin XCConfigurationList section */
		F421FBB12D69039900055E6F /* Build configuration list for PBXProject "Group11_Project_UI_Design" */ = {
			isa = XCConfigurationList;
			buildConfigurations = (
				F421FBD82D69039D00055E6F /* Debug */,
				F421FBD92D69039D00055E6F /* Release */,
			);
			defaultConfigurationIsVisible = 0;
			defaultConfigurationName = Release;
		};
		F421FBDA2D69039D00055E6F /* Build configuration list for PBXNativeTarget "Group11_Project_UI_Design" */ = {
			isa = XCConfigurationList;
			buildConfigurations = (
				F421FBDB2D69039D00055E6F /* Debug */,
				F421FBDC2D69039D00055E6F /* Release */,
			);
			defaultConfigurationIsVisible = 0;
			defaultConfigurationName = Release;
		};
		F421FBDD2D69039D00055E6F /* Build configuration list for PBXNativeTarget "Group11_Project_UI_DesignTests" */ = {
			isa = XCConfigurationList;
			buildConfigurations = (
				F421FBDE2D69039D00055E6F /* Debug */,
				F421FBDF2D69039D00055E6F /* Release */,
			);
			defaultConfigurationIsVisible = 0;
			defaultConfigurationName = Release;
		};
		F421FBE02D69039D00055E6F /* Build configuration list for PBXNativeTarget "Group11_Project_UI_DesignUITests" */ = {
			isa = XCConfigurationList;
			buildConfigurations = (
				F421FBE12D69039D00055E6F /* Debug */,
				F421FBE22D69039D00055E6F /* Release */,
			);
			defaultConfigurationIsVisible = 0;
			defaultConfigurationName = Release;
		};
/* End XCConfigurationList section */
	};
	rootObject = F421FBAE2D69039900055E6F /* Project object */;
}
